
Microsoft Visual Studio Solution File, Format Version 12.00
# Visual Studio Version 17
VisualStudioVersion = 17.9.34622.214
MinimumVisualStudioVersion = 10.0.40219.1
Project("{9A19103F-16F7-4668-BE54-9A1E7A4F7556}") = "App", "App.csproj", "{0397EB21-3F32-4632-AADB-DD8531CE51F8}"
EndProject
Project("{FAE04EC0-301F-11D3-BF4B-00C04F79EFBC}") = "Math_Library", "..\Math_Library\Math_Library.csproj", "{F4FB9872-505C-4FAF-814D-3582B44735C1}"
EndProject
Project("{FAE04EC0-301F-11D3-BF4B-00C04F79EFBC}") = "Tests", "..\Tests\Tests.csproj", "{8579C89E-7903-4A9C-9E3D-4E24FBE4727A}"
EndProject
Global
	GlobalSection(SolutionConfigurationPlatforms) = preSolution
		Debug|Any CPU = Debug|Any CPU
		Release|Any CPU = Release|Any CPU
	EndGlobalSection
	GlobalSection(ProjectConfigurationPlatforms) = postSolution
		{0397EB21-3F32-4632-AADB-DD8531CE51F8}.Debug|Any CPU.ActiveCfg = Debug|Any CPU
		{0397EB21-3F32-4632-AADB-DD8531CE51F8}.Debug|Any CPU.Build.0 = Debug|Any CPU
		{0397EB21-3F32-4632-AADB-DD8531CE51F8}.Release|Any CPU.ActiveCfg = Release|Any CPU
		{0397EB21-3F32-4632-AADB-DD8531CE51F8}.Release|Any CPU.Build.0 = Release|Any CPU
		{F4FB9872-505C-4FAF-814D-3582B44735C1}.Debug|Any CPU.ActiveCfg = Debug|Any CPU
		{F4FB9872-505C-4FAF-814D-3582B44735C1}.Debug|Any CPU.Build.0 = Debug|Any CPU
		{F4FB9872-505C-4FAF-814D-3582B44735C1}.Release|Any CPU.ActiveCfg = Release|Any CPU
		{F4FB9872-505C-4FAF-814D-3582B44735C1}.Release|Any CPU.Build.0 = Release|Any CPU
		{8579C89E-7903-4A9C-9E3D-4E24FBE4727A}.Debug|Any CPU.ActiveCfg = Debug|Any CPU
		{8579C89E-7903-4A9C-9E3D-4E24FBE4727A}.Debug|Any CPU.Build.0 = Debug|Any CPU
		{8579C89E-7903-4A9C-9E3D-4E24FBE4727A}.Release|Any CPU.ActiveCfg = Release|Any CPU
		{8579C89E-7903-4A9C-9E3D-4E24FBE4727A}.Release|Any CPU.Build.0 = Release|Any CPU
	EndGlobalSection
	GlobalSection(SolutionProperties) = preSolution
		HideSolutionNode = FALSE
	EndGlobalSection
	GlobalSection(ExtensibilityGlobals) = postSolution
		SolutionGuid = {4263C381-B56A-4087-84F7-22B0ED080102}
	EndGlobalSection
EndGlobal
